{
    "_meta": {
        "hash": {
            "sha256": "c93049f30a14fe3db9dfcc7c9f1976c9d92c438bd675c6c5abcac6aae77baac3"
        },
        "pipfile-spec": 6,
        "requires": {
            "python_version": "3.11"
        },
        "sources": [
            {
                "name": "pypi",
                "url": "https://pypi.org/simple",
                "verify_ssl": true
            }
        ]
    },
    "default": {
        "anyio": {
            "hashes": [
                "sha256:44a3c9aba0f5defa43261a8b3efb97891f2bd7d804e0e1f56419befa1adfc780",
                "sha256:91dee416e570e92c64041bd18b900d1d6fa78dff7048769ce5ac5ddad004fbb5"
            ],
            "markers": "python_version >= '3.7'",
            "version": "==3.7.1"
        },
        "appdirs": {
            "hashes": [
                "sha256:7d5d0167b2b1ba821647616af46a749d1c653740dd0d2415100fe26e27afdf41",
                "sha256:a841dacd6b99318a741b166adb07e19ee71a274450e68237b4650ca1055ab128"
            ],
            "index": "pypi",
            "version": "==1.4.4"
        },
        "certifi": {
            "hashes": [
                "sha256:539cc1d13202e33ca466e88b2807e29f4c13049d6d87031a3c110744495cb082",
                "sha256:92d6037539857d8206b8f6ae472e8b77db8058fec5937a1ef3f54304089edbb9"
            ],
            "markers": "python_version >= '3.6'",
            "version": "==2023.7.22"
        },
        "click": {
            "hashes": [
                "sha256:48ee849951919527a045bfe3bf7baa8a959c423134e1a5b98c05c20ba75a1cbd",
                "sha256:fa244bb30b3b5ee2cae3da8f55c9e5e0c0e86093306301fb418eb9dc40fbded5"
            ],
            "index": "pypi",
            "version": "==8.1.6"
        },
        "confuse": {
            "hashes": [
                "sha256:7379a2ad49aaa862b79600cc070260c1b7974d349f4fa5e01f9afa6c4dd0611f",
                "sha256:9b9e5bbc70e2cb9b318bcab14d917ec88e21bf1b724365e3815eb16e37aabd2a"
            ],
            "index": "pypi",
            "version": "==2.0.1"
        },
        "h11": {
            "hashes": [
                "sha256:8f19fbbe99e72420ff35c00b27a34cb9937e902a8b810e2c88300c6f0a3b699d",
                "sha256:e3fe4ac4b851c468cc8363d500db52c2ead036020723024a109d37346efaa761"
            ],
            "markers": "python_version >= '3.7'",
            "version": "==0.14.0"
        },
        "httpcore": {
            "hashes": [
                "sha256:a6f30213335e34c1ade7be6ec7c47f19f50c56db36abef1a9dfa3815b1cb3888",
                "sha256:c2789b767ddddfa2a5782e3199b2b7f6894540b17b16ec26b2c4d8e103510b87"
            ],
            "markers": "python_version >= '3.7'",
            "version": "==0.17.3"
        },
        "httpx": {
            "hashes": [
                "sha256:06781eb9ac53cde990577af654bd990a4949de37a28bdb4a230d434f3a30b9bd",
                "sha256:5853a43053df830c20f8110c5e69fe44d035d850b2dfe795e196f00fdb774bdd"
            ],
            "markers": "python_version >= '3.7'",
            "version": "==0.24.1"
        },
        "idna": {
            "hashes": [
                "sha256:814f528e8dead7d329833b91c5faa87d60bf71824cd12a7530b5526063d02cb4",
                "sha256:90b77e79eaa3eba6de819a0c442c0b4ceefc341a7a2ab77d7562bf49f425c5c2"
            ],
            "markers": "python_version >= '3.5'",
            "version": "==3.4"
        },
        "markdown-it-py": {
            "hashes": [
                "sha256:355216845c60bd96232cd8d8c40e8f9765cc86f46880e43a8fd22dc1a1a8cab1",
                "sha256:e3f60a94fa066dc52ec76661e37c851cb232d92f9886b15cb560aaada2df8feb"
            ],
            "markers": "python_version >= '3.8'",
            "version": "==3.0.0"
        },
        "mdurl": {
            "hashes": [
                "sha256:84008a41e51615a49fc9966191ff91509e3c40b939176e643fd50a5c2196b8f8",
                "sha256:bb413d29f5eea38f31dd4754dd7377d4465116fb207585f97bf925588687c1ba"
            ],
            "markers": "python_version >= '3.7'",
            "version": "==0.1.2"
        },
        "myass": {
            "hashes": [
                "sha256:10557e9c41f4a5a03c3bf0f7c0cba7fca1683a8957fbeb98356063d275d9cff4",
                "sha256:a3913a3c87c031dec928b87d9d902af48a1ae5fafef2a28d4f37f5bdb25ce375"
            ],
            "index": "pypi",
            "version": "==0.1.6"
        },
        "oaix": {
            "hashes": [
                "sha256:05a70f5d74ae45e44014fccaa60e32b2aa823ca7bbe1fade995e25d18254ab70",
                "sha256:bdc16db606226d89fee409b4895d1b6174b5097eeb7aa85677b77c2c8b261092"
            ],
            "version": "==0.1.0"
        },
        "pycryptodome": {
            "hashes": [
                "sha256:01489bbdf709d993f3058e2996f8f40fee3f0ea4d995002e5968965fa2fe89fb",
                "sha256:10da29526a2a927c7d64b8f34592f461d92ae55fc97981aab5bbcde8cb465bb6",
                "sha256:12600268763e6fec3cefe4c2dcdf79bde08d0b6dc1813887e789e495cb9f3403",
                "sha256:157c9b5ba5e21b375f052ca78152dd309a09ed04703fd3721dce3ff8ecced148",
                "sha256:16bfd98dbe472c263ed2821284118d899c76968db1a6665ade0c46805e6b29a4",
                "sha256:363dd6f21f848301c2dcdeb3c8ae5f0dee2286a5e952a0f04954b82076f23825",
                "sha256:3811e31e1ac3069988f7a1c9ee7331b942e605dfc0f27330a9ea5997e965efb2",
                "sha256:422c89fd8df8a3bee09fb8d52aaa1e996120eafa565437392b781abec2a56e14",
                "sha256:4604816adebd4faf8810782f137f8426bf45fee97d8427fa8e1e49ea78a52e2c",
                "sha256:4944defabe2ace4803f99543445c27dd1edbe86d7d4edb87b256476a91e9ffa4",
                "sha256:51eae079ddb9c5f10376b4131be9589a6554f6fd84f7f655180937f611cd99a2",
                "sha256:53aee6be8b9b6da25ccd9028caf17dcdce3604f2c7862f5167777b707fbfb6cb",
                "sha256:62a1e8847fabb5213ccde38915563140a5b338f0d0a0d363f996b51e4a6165cf",
                "sha256:6f4b967bb11baea9128ec88c3d02f55a3e338361f5e4934f5240afcb667fdaec",
                "sha256:78d863476e6bad2a592645072cc489bb90320972115d8995bcfbee2f8b209918",
                "sha256:795bd1e4258a2c689c0b1f13ce9684fa0dd4c0e08680dcf597cf9516ed6bc0f3",
                "sha256:7a3d22c8ee63de22336679e021c7f2386f7fc465477d59675caa0e5706387944",
                "sha256:83c75952dcf4a4cebaa850fa257d7a860644c70a7cd54262c237c9f2be26f76e",
                "sha256:928078c530da78ff08e10eb6cada6e0dff386bf3d9fa9871b4bbc9fbc1efe024",
                "sha256:957b221d062d5752716923d14e0926f47670e95fead9d240fa4d4862214b9b2f",
                "sha256:9ad6f09f670c466aac94a40798e0e8d1ef2aa04589c29faa5b9b97566611d1d1",
                "sha256:9c8eda4f260072f7dbe42f473906c659dcbadd5ae6159dfb49af4da1293ae380",
                "sha256:b1d9701d10303eec8d0bd33fa54d44e67b8be74ab449052a8372f12a66f93fb9",
                "sha256:b6a610f8bfe67eab980d6236fdc73bfcdae23c9ed5548192bb2d530e8a92780e",
                "sha256:c9adee653fc882d98956e33ca2c1fb582e23a8af7ac82fee75bd6113c55a0413",
                "sha256:cb1be4d5af7f355e7d41d36d8eec156ef1382a88638e8032215c215b82a4b8ec",
                "sha256:d1497a8cd4728db0e0da3c304856cb37c0c4e3d0b36fcbabcc1600f18504fc54",
                "sha256:d20082bdac9218649f6abe0b885927be25a917e29ae0502eaf2b53f1233ce0c2",
                "sha256:e8ad74044e5f5d2456c11ed4cfd3e34b8d4898c0cb201c4038fe41458a82ea27",
                "sha256:f022a4fd2a5263a5c483a2bb165f9cb27f2be06f2f477113783efe3fe2ad887b",
                "sha256:f21efb8438971aa16924790e1c3dba3a33164eb4000106a55baaed522c261acf",
                "sha256:fc0a73f4db1e31d4a6d71b672a48f3af458f548059aa05e83022d5f61aac9c08"
            ],
            "index": "pypi",
            "version": "==3.18.0"
        },
        "pygments": {
            "hashes": [
                "sha256:8ace4d3c1dd481894b2005f560ead0f9f19ee64fe983366be1a21e171d12775c",
                "sha256:db2db3deb4b4179f399a09054b023b6a586b76499d36965813c71aa8ed7b5fd1"
            ],
            "markers": "python_version >= '3.7'",
            "version": "==2.15.1"
        },
        "pyyaml": {
            "hashes": [
                "sha256:062582fca9fabdd2c8b54a3ef1c978d786e0f6b3a1510e0ac93ef59e0ddae2bc",
                "sha256:1635fd110e8d85d55237ab316b5b011de701ea0f29d07611174a1b42f1444741",
                "sha256:184c5108a2aca3c5b3d3bf9395d50893a7ab82a38004c8f61c258d4428e80206",
                "sha256:18aeb1bf9a78867dc38b259769503436b7c72f7a1f1f4c93ff9a17de54319b27",
                "sha256:1d4c7e777c441b20e32f52bd377e0c409713e8bb1386e1099c2415f26e479595",
                "sha256:1e2722cc9fbb45d9b87631ac70924c11d3a401b2d7f410cc0e3bbf249f2dca62",
                "sha256:1fe35611261b29bd1de0070f0b2f47cb6ff71fa6595c077e42bd0c419fa27b98",
                "sha256:28c119d996beec18c05208a8bd78cbe4007878c6dd15091efb73a30e90539696",
                "sha256:42f8152b8dbc4fe7d96729ec2b99c7097d656dc1213a3229ca5383f973a5ed6d",
                "sha256:4fb147e7a67ef577a588a0e2c17b6db51dda102c71de36f8549b6816a96e1867",
                "sha256:50550eb667afee136e9a77d6dc71ae76a44df8b3e51e41b77f6de2932bfe0f47",
                "sha256:510c9deebc5c0225e8c96813043e62b680ba2f9c50a08d3724c7f28a747d1486",
                "sha256:5773183b6446b2c99bb77e77595dd486303b4faab2b086e7b17bc6bef28865f6",
                "sha256:596106435fa6ad000c2991a98fa58eeb8656ef2325d7e158344fb33864ed87e3",
                "sha256:6965a7bc3cf88e5a1c3bd2e0b5c22f8d677dc88a455344035f03399034eb3007",
                "sha256:69b023b2b4daa7548bcfbd4aa3da05b3a74b772db9e23b982788168117739938",
                "sha256:704219a11b772aea0d8ecd7058d0082713c3562b4e271b849ad7dc4a5c90c13c",
                "sha256:7e07cbde391ba96ab58e532ff4803f79c4129397514e1413a7dc761ccd755735",
                "sha256:81e0b275a9ecc9c0c0c07b4b90ba548307583c125f54d5b6946cfee6360c733d",
                "sha256:9046c58c4395dff28dd494285c82ba00b546adfc7ef001486fbf0324bc174fba",
                "sha256:9eb6caa9a297fc2c2fb8862bc5370d0303ddba53ba97e71f08023b6cd73d16a8",
                "sha256:a0cd17c15d3bb3fa06978b4e8958dcdc6e0174ccea823003a106c7d4d7899ac5",
                "sha256:afd7e57eddb1a54f0f1a974bc4391af8bcce0b444685d936840f125cf046d5bd",
                "sha256:b1275ad35a5d18c62a7220633c913e1b42d44b46ee12554e5fd39c70a243d6a3",
                "sha256:b786eecbdf8499b9ca1d697215862083bd6d2a99965554781d0d8d1ad31e13a0",
                "sha256:ba336e390cd8e4d1739f42dfe9bb83a3cc2e80f567d8805e11b46f4a943f5515",
                "sha256:baa90d3f661d43131ca170712d903e6295d1f7a0f595074f151c0aed377c9b9c",
                "sha256:bc1bf2925a1ecd43da378f4db9e4f799775d6367bdb94671027b73b393a7c42c",
                "sha256:bd4af7373a854424dabd882decdc5579653d7868b8fb26dc7d0e99f823aa5924",
                "sha256:bf07ee2fef7014951eeb99f56f39c9bb4af143d8aa3c21b1677805985307da34",
                "sha256:bfdf460b1736c775f2ba9f6a92bca30bc2095067b8a9d77876d1fad6cc3b4a43",
                "sha256:c8098ddcc2a85b61647b2590f825f3db38891662cfc2fc776415143f599bb859",
                "sha256:d2b04aac4d386b172d5b9692e2d2da8de7bfb6c387fa4f801fbf6fb2e6ba4673",
                "sha256:d858aa552c999bc8a8d57426ed01e40bef403cd8ccdd0fc5f6f04a00414cac2a",
                "sha256:f003ed9ad21d6a4713f0a9b5a7a0a79e08dd0f221aff4525a2be4c346ee60aab",
                "sha256:f22ac1c3cac4dbc50079e965eba2c1058622631e526bd9afd45fedd49ba781fa",
                "sha256:faca3bdcf85b2fc05d06ff3fbc1f83e1391b3e724afa3feba7d13eeab355484c",
                "sha256:fca0e3a251908a499833aa292323f32437106001d436eca0e6e7833256674585",
                "sha256:fd1592b3fdf65fff2ad0004b5e363300ef59ced41c2e6b3a99d4089fa8c5435d",
                "sha256:fd66fc5d0da6d9815ba2cebeb4205f95818ff4b79c3ebe268e75d961704af52f"
            ],
            "markers": "python_version >= '3.6'",
            "version": "==6.0.1"
        },
        "redis": {
            "hashes": [
                "sha256:585dc516b9eb042a619ef0a39c3d7d55fe81bdb4df09a52c9cdde0d07bf1aa7d",
                "sha256:e2b03db868160ee4591de3cb90d40ebb50a90dd302138775937f6a42b7ed183c"
            ],
            "index": "pypi",
            "version": "==4.6.0"
        },
        "rich": {
            "hashes": [
                "sha256:8f87bc7ee54675732fa66a05ebfe489e27264caeeff3728c945d25971b6485ec",
                "sha256:d653d6bccede5844304c605d5aac802c7cf9621efd700b46c7ec2b51ea914898"
            ],
            "index": "pypi",
            "version": "==13.4.2"
        },
        "sniffio": {
            "hashes": [
                "sha256:e60305c5e5d314f5389259b7f22aaa33d8f7dee49763119234af3755c55b9101",
                "sha256:eecefdce1e5bbfb7ad2eeaabf7c1eeb404d7757c379bd1f7e5cce9d8bf425384"
            ],
            "markers": "python_version >= '3.7'",
            "version": "==1.3.0"
        },
        "termcolor": {
            "hashes": [
                "sha256:3afb05607b89aed0ffe25202399ee0867ad4d3cb4180d98aaf8eefa6a5f7d475",
                "sha256:b5b08f68937f138fe92f6c089b99f1e2da0ae56c52b78bf7075fd95420fd9a5a"
            ],
            "markers": "python_version >= '3.7'",
            "version": "==2.3.0"
        },
        "yaspin": {
            "hashes": [
                "sha256:17b5548479b3d5b30adec7a87ffcdcddb403d14a2bb86fbcee97f37951e13427",
                "sha256:547afd1a9700ac3a29a9f5591c70343bef186ed5dfb5e545a9bb0c77e561a1c9"
            ],
            "index": "pypi",
            "version": "==2.3.0"
        }
    },
    "develop": {}
}
